{
  "name": "cloud-run-sql-demo",
  "version": "1.0.0",
  "lockfileVersion": 3, 
  "requires": true,
  "packages": {
    "": {
      "name": "cloud-run-sql-demo",
      "version": "1.0.0",
      "private": true,
      "type": "commonjs",
      "dependencies": {
        "cors": "^2.8.5",
        "express": "^4.19.2",
        "pg": "^8.11.3"
      }
    },
    "node_modules/accepts": {
      // ... 하위 의존성 정보 (예: express의 의존성)
    },
    // ... 모든 하위 의존성(sub-dependencies)의 상세 정보가 여기에 포함됩니다.
    "node_modules/cors": {
      "version": "2.8.5", // 실제 설치된 정확한 버전
      "resolved": "https://registry.npmjs.org/cors/-/cors-2.8.5.tgz",
      "integrity": "sha512-...", // 무결성 해시
      "dependencies": {
        "vary": "~1.1.2"
      }
    },
    // ... 나머지 주/하위 의존성 상세 정보
  }
}
