{
  "name": "cloud-run-sql-demo",
  "version": "1.0.0",
  "lockfileVersion": 3, 
  "requires": true,
  "packages": {
    "": {
      "name": "cloud-run-sql-demo",
      "version": "1.0.0",
      "private": true,
      "type": "commonjs",
      "dependencies": {
        "cors": "^2.8.5",
        "express": "^4.19.2",
        "pg": "^8.11.3"
      }
    },
    "node_modules/accepts": {
    },
    "node_modules/cors": {
      "version": "2.8.5", 
      "resolved": "https://registry.npmjs.org/cors/-/cors-2.8.5.tgz",
      "integrity": "sha512-...", 
      "dependencies": {
        "vary": "~1.1.2"
      }
    },
  }
}
